{
  "pins" : [
    {
      "identity" : "datacapture-spm",
      "kind" : "remoteSourceControl",
      "location" : "https://github.com/Scandit/datacapture-spm",
      "state" : {
        "revision" : "61bb053cbb83467524c541f49e196012b07001ae",
        "version" : "6.13.1"
      }
    },
    {
      "identity" : "random-swift",
      "kind" : "remoteSourceControl",
      "location" : "https://github.com/GigabiteLabs/random-swift",
      "state" : {
        "revision" : "2a8940df971ff3d45e06eabc038ec80427cc9218",
        "version" : "1.0.1"
      }
    }
  ],
  "version" : 2
}
